
Microsoft Visual Studio Solution File, Format Version 12.00
# Visual Studio Version 17
VisualStudioVersion = 17.14.36908.2 d17.14
MinimumVisualStudioVersion = 10.0.40219.1
Project("{FAE04EC0-301F-11D3-BF4B-00C04F79EFBC}") = "TorqueForce", "TorqueForce\TorqueForce.csproj", "{483A3D6D-D94D-4452-BD0D-0517A4B5D0C2}"
EndProject
Global
	GlobalSection(SolutionConfigurationPlatforms) = preSolution
		Debug|Any CPU = Debug|Any CPU
		Release|Any CPU = Release|Any CPU
	EndGlobalSection
	GlobalSection(ProjectConfigurationPlatforms) = postSolution
		{483A3D6D-D94D-4452-BD0D-0517A4B5D0C2}.Debug|Any CPU.ActiveCfg = Debug|Any CPU
		{483A3D6D-D94D-4452-BD0D-0517A4B5D0C2}.Debug|Any CPU.Build.0 = Debug|Any CPU
		{483A3D6D-D94D-4452-BD0D-0517A4B5D0C2}.Release|Any CPU.ActiveCfg = Release|Any CPU
		{483A3D6D-D94D-4452-BD0D-0517A4B5D0C2}.Release|Any CPU.Build.0 = Release|Any CPU
	EndGlobalSection
	GlobalSection(SolutionProperties) = preSolution
		HideSolutionNode = FALSE
	EndGlobalSection
	GlobalSection(ExtensibilityGlobals) = postSolution
		SolutionGuid = {D259D63A-00B3-4EAE-9154-04C08106671D}
	EndGlobalSection
EndGlobal
